{
  "nodes": {
    "ags": {
      "inputs": {
        "nixpkgs": [
          "nixpkgs"
        ]
      },
      "locked": {
        "lastModified": 1705780511,
        "narHash": "sha256-ugisdAjfMow4nHkeHWdFizUTb44xt8lmBmVvQF3oHy4=",
        "owner": "Aylur",
        "repo": "ags",
        "rev": "524bad0e5ea8560ad4d9bd46862b25d7636296b6",
        "type": "github"
      },
      "original": {
        "owner": "Aylur",
        "repo": "ags",
        "rev": "524bad0e5ea8560ad4d9bd46862b25d7636296b6",
        "type": "github"
      }
    },
    "nixpkgs": {
      "locked": {
        "lastModified": 1705677747,
        "narHash": "sha256-eyM3okYtMgYDgmYukoUzrmuoY4xl4FUujnsv/P6I/zI=",
        "owner": "NixOS",
        "repo": "nixpkgs",
        "rev": "bbe7d8f876fbbe7c959c90ba2ae2852220573261",
        "type": "github"
      },
      "original": {
        "owner": "NixOS",
        "ref": "nixos-unstable",
        "repo": "nixpkgs",
        "type": "github"
      }
    },
    "root": {
      "inputs": {
        "ags": "ags",
        "nixpkgs": "nixpkgs"
      }
    }
  },
  "root": "root",
  "version": 7
}
